
Microsoft Visual Studio Solution File, Format Version 12.00
# Visual Studio Version 17
VisualStudioVersion = 17.4.33110.190
MinimumVisualStudioVersion = 10.0.40219.1
Project("{FAE04EC0-301F-11D3-BF4B-00C04F79EFBC}") = "DataStructure", "DataStructure.csproj", "{98804E15-4F37-4CB3-A1FF-376169389444}"
EndProject
Global
	GlobalSection(SolutionConfigurationPlatforms) = preSolution
		Debug|Any CPU = Debug|Any CPU
		Release|Any CPU = Release|Any CPU
	EndGlobalSection
	GlobalSection(ProjectConfigurationPlatforms) = postSolution
		{98804E15-4F37-4CB3-A1FF-376169389444}.Debug|Any CPU.ActiveCfg = Debug|Any CPU
		{98804E15-4F37-4CB3-A1FF-376169389444}.Debug|Any CPU.Build.0 = Debug|Any CPU
		{98804E15-4F37-4CB3-A1FF-376169389444}.Release|Any CPU.ActiveCfg = Release|Any CPU
		{98804E15-4F37-4CB3-A1FF-376169389444}.Release|Any CPU.Build.0 = Release|Any CPU
	EndGlobalSection
	GlobalSection(SolutionProperties) = preSolution
		HideSolutionNode = FALSE
	EndGlobalSection
	GlobalSection(ExtensibilityGlobals) = postSolution
		SolutionGuid = {26050037-2C72-4FF9-92C4-F78353D6504C}
	EndGlobalSection
EndGlobal
