
Microsoft Visual Studio Solution File, Format Version 12.00
# Visual Studio Version 17
VisualStudioVersion = 17.4.33110.190
MinimumVisualStudioVersion = 10.0.40219.1
Project("{FAE04EC0-301F-11D3-BF4B-00C04F79EFBC}") = "UC4_InsertBetweenNum", "UC4_InsertBetweenNum.csproj", "{9973AC3F-7D3B-4744-8404-DCD7785362EC}"
EndProject
Global
	GlobalSection(SolutionConfigurationPlatforms) = preSolution
		Debug|Any CPU = Debug|Any CPU
		Release|Any CPU = Release|Any CPU
	EndGlobalSection
	GlobalSection(ProjectConfigurationPlatforms) = postSolution
		{9973AC3F-7D3B-4744-8404-DCD7785362EC}.Debug|Any CPU.ActiveCfg = Debug|Any CPU
		{9973AC3F-7D3B-4744-8404-DCD7785362EC}.Debug|Any CPU.Build.0 = Debug|Any CPU
		{9973AC3F-7D3B-4744-8404-DCD7785362EC}.Release|Any CPU.ActiveCfg = Release|Any CPU
		{9973AC3F-7D3B-4744-8404-DCD7785362EC}.Release|Any CPU.Build.0 = Release|Any CPU
	EndGlobalSection
	GlobalSection(SolutionProperties) = preSolution
		HideSolutionNode = FALSE
	EndGlobalSection
	GlobalSection(ExtensibilityGlobals) = postSolution
		SolutionGuid = {DFF45419-3289-443F-9097-90547C7008F6}
	EndGlobalSection
EndGlobal
